
Microsoft Visual Studio Solution File, Format Version 12.00
Project("{FAE04EC0-301F-11D3-BF4B-00C04F79EFBC}") = "Lab01", "Lab01\Lab01.csproj", "{E64EAEFB-BD75-4A20-985E-AC2976351650}"
EndProject
Project("{FAE04EC0-301F-11D3-BF4B-00C04F79EFBC}") = "Calculator", "Calculator\Calculator.csproj", "{3BA99075-39A4-4436-A97C-EDCCE7596F6A}"
EndProject
Global
	GlobalSection(SolutionConfigurationPlatforms) = preSolution
		Debug|Any CPU = Debug|Any CPU
		Release|Any CPU = Release|Any CPU
	EndGlobalSection
	GlobalSection(ProjectConfigurationPlatforms) = postSolution
		{E64EAEFB-BD75-4A20-985E-AC2976351650}.Debug|Any CPU.ActiveCfg = Debug|Any CPU
		{E64EAEFB-BD75-4A20-985E-AC2976351650}.Debug|Any CPU.Build.0 = Debug|Any CPU
		{E64EAEFB-BD75-4A20-985E-AC2976351650}.Release|Any CPU.ActiveCfg = Release|Any CPU
		{E64EAEFB-BD75-4A20-985E-AC2976351650}.Release|Any CPU.Build.0 = Release|Any CPU
		{3BA99075-39A4-4436-A97C-EDCCE7596F6A}.Debug|Any CPU.ActiveCfg = Debug|Any CPU
		{3BA99075-39A4-4436-A97C-EDCCE7596F6A}.Debug|Any CPU.Build.0 = Debug|Any CPU
		{3BA99075-39A4-4436-A97C-EDCCE7596F6A}.Release|Any CPU.ActiveCfg = Release|Any CPU
		{3BA99075-39A4-4436-A97C-EDCCE7596F6A}.Release|Any CPU.Build.0 = Release|Any CPU
	EndGlobalSection
EndGlobal
