
Microsoft Visual Studio Solution File, Format Version 12.00
Project("{FAE04EC0-301F-11D3-BF4B-00C04F79EFBC}") = "Lab04", "Lab04\Lab04.csproj", "{1CF675C8-0C1E-41F2-AC6A-231D34D5CB2E}"
EndProject
Global
	GlobalSection(SolutionConfigurationPlatforms) = preSolution
		Debug|Any CPU = Debug|Any CPU
		Release|Any CPU = Release|Any CPU
	EndGlobalSection
	GlobalSection(ProjectConfigurationPlatforms) = postSolution
		{1CF675C8-0C1E-41F2-AC6A-231D34D5CB2E}.Debug|Any CPU.ActiveCfg = Debug|Any CPU
		{1CF675C8-0C1E-41F2-AC6A-231D34D5CB2E}.Debug|Any CPU.Build.0 = Debug|Any CPU
		{1CF675C8-0C1E-41F2-AC6A-231D34D5CB2E}.Release|Any CPU.ActiveCfg = Release|Any CPU
		{1CF675C8-0C1E-41F2-AC6A-231D34D5CB2E}.Release|Any CPU.Build.0 = Release|Any CPU
	EndGlobalSection
EndGlobal
