
Microsoft Visual Studio Solution File, Format Version 12.00
Project("{FAE04EC0-301F-11D3-BF4B-00C04F79EFBC}") = "Lab05-net6.0", "Lab05-net6.0\Lab05-net6.0.csproj", "{05A79F20-6F58-4A2F-A576-8F5397913371}"
EndProject
Global
	GlobalSection(SolutionConfigurationPlatforms) = preSolution
		Debug|Any CPU = Debug|Any CPU
		Release|Any CPU = Release|Any CPU
	EndGlobalSection
	GlobalSection(ProjectConfigurationPlatforms) = postSolution
		{05A79F20-6F58-4A2F-A576-8F5397913371}.Debug|Any CPU.ActiveCfg = Debug|Any CPU
		{05A79F20-6F58-4A2F-A576-8F5397913371}.Debug|Any CPU.Build.0 = Debug|Any CPU
		{05A79F20-6F58-4A2F-A576-8F5397913371}.Release|Any CPU.ActiveCfg = Release|Any CPU
		{05A79F20-6F58-4A2F-A576-8F5397913371}.Release|Any CPU.Build.0 = Release|Any CPU
	EndGlobalSection
EndGlobal
